
Microsoft Visual Studio Solution File, Format Version 12.00
# Visual Studio Version 17
VisualStudioVersion = 17.1.32228.430
MinimumVisualStudioVersion = 10.0.40219.1
Project("{FAE04EC0-301F-11D3-BF4B-00C04F79EFBC}") = "DemoCode", "DemoCode\DemoCode.csproj", "{A8288CCC-96FB-4269-BCA5-625AD04FB852}"
EndProject
Project("{FAE04EC0-301F-11D3-BF4B-00C04F79EFBC}") = "DemoCode.Tests", "DemoCode.Tests\DemoCode.Tests.csproj", "{4F3B1CEC-2C36-4396-8A7D-AF976CEF0F09}"
EndProject
Global
	GlobalSection(SolutionConfigurationPlatforms) = preSolution
		Debug|Any CPU = Debug|Any CPU
		Release|Any CPU = Release|Any CPU
	EndGlobalSection
	GlobalSection(ProjectConfigurationPlatforms) = postSolution
		{A8288CCC-96FB-4269-BCA5-625AD04FB852}.Debug|Any CPU.ActiveCfg = Debug|Any CPU
		{A8288CCC-96FB-4269-BCA5-625AD04FB852}.Debug|Any CPU.Build.0 = Debug|Any CPU
		{A8288CCC-96FB-4269-BCA5-625AD04FB852}.Release|Any CPU.ActiveCfg = Release|Any CPU
		{A8288CCC-96FB-4269-BCA5-625AD04FB852}.Release|Any CPU.Build.0 = Release|Any CPU
		{4F3B1CEC-2C36-4396-8A7D-AF976CEF0F09}.Debug|Any CPU.ActiveCfg = Debug|Any CPU
		{4F3B1CEC-2C36-4396-8A7D-AF976CEF0F09}.Debug|Any CPU.Build.0 = Debug|Any CPU
		{4F3B1CEC-2C36-4396-8A7D-AF976CEF0F09}.Release|Any CPU.ActiveCfg = Release|Any CPU
		{4F3B1CEC-2C36-4396-8A7D-AF976CEF0F09}.Release|Any CPU.Build.0 = Release|Any CPU
	EndGlobalSection
	GlobalSection(SolutionProperties) = preSolution
		HideSolutionNode = FALSE
	EndGlobalSection
	GlobalSection(ExtensibilityGlobals) = postSolution
		SolutionGuid = {5F739AD7-5531-4F03-A31D-F3D95ADAF20D}
	EndGlobalSection
EndGlobal
